
Microsoft Visual Studio Solution File, Format Version 12.00
# Visual Studio Version 16
VisualStudioVersion = 16.0.31019.35
MinimumVisualStudioVersion = 10.0.40219.1
Project("{FAE04EC0-301F-11D3-BF4B-00C04F79EFBC}") = "DataAccess", "DataAccess\DataAccess.csproj", "{874C7D74-DDCA-499F-8049-148CB7A61754}"
EndProject
Project("{FAE04EC0-301F-11D3-BF4B-00C04F79EFBC}") = "Business", "Business\Business.csproj", "{BBBA25D2-162E-4A9E-AE70-25BCFB634146}"
EndProject
Project("{FAE04EC0-301F-11D3-BF4B-00C04F79EFBC}") = "Entities", "Entities\Entities.csproj", "{1C26325B-34B8-4C55-BD6C-6950135A58A9}"
EndProject
Project("{FAE04EC0-301F-11D3-BF4B-00C04F79EFBC}") = "ConsoleUI", "ConsoleUI\ConsoleUI.csproj", "{ED273013-352A-410C-894F-A29444369A24}"
EndProject
Global
	GlobalSection(SolutionConfigurationPlatforms) = preSolution
		Debug|Any CPU = Debug|Any CPU
		Release|Any CPU = Release|Any CPU
	EndGlobalSection
	GlobalSection(ProjectConfigurationPlatforms) = postSolution
		{874C7D74-DDCA-499F-8049-148CB7A61754}.Debug|Any CPU.ActiveCfg = Debug|Any CPU
		{874C7D74-DDCA-499F-8049-148CB7A61754}.Debug|Any CPU.Build.0 = Debug|Any CPU
		{874C7D74-DDCA-499F-8049-148CB7A61754}.Release|Any CPU.ActiveCfg = Release|Any CPU
		{874C7D74-DDCA-499F-8049-148CB7A61754}.Release|Any CPU.Build.0 = Release|Any CPU
		{BBBA25D2-162E-4A9E-AE70-25BCFB634146}.Debug|Any CPU.ActiveCfg = Debug|Any CPU
		{BBBA25D2-162E-4A9E-AE70-25BCFB634146}.Debug|Any CPU.Build.0 = Debug|Any CPU
		{BBBA25D2-162E-4A9E-AE70-25BCFB634146}.Release|Any CPU.ActiveCfg = Release|Any CPU
		{BBBA25D2-162E-4A9E-AE70-25BCFB634146}.Release|Any CPU.Build.0 = Release|Any CPU
		{1C26325B-34B8-4C55-BD6C-6950135A58A9}.Debug|Any CPU.ActiveCfg = Debug|Any CPU
		{1C26325B-34B8-4C55-BD6C-6950135A58A9}.Debug|Any CPU.Build.0 = Debug|Any CPU
		{1C26325B-34B8-4C55-BD6C-6950135A58A9}.Release|Any CPU.ActiveCfg = Release|Any CPU
		{1C26325B-34B8-4C55-BD6C-6950135A58A9}.Release|Any CPU.Build.0 = Release|Any CPU
		{ED273013-352A-410C-894F-A29444369A24}.Debug|Any CPU.ActiveCfg = Debug|Any CPU
		{ED273013-352A-410C-894F-A29444369A24}.Debug|Any CPU.Build.0 = Debug|Any CPU
		{ED273013-352A-410C-894F-A29444369A24}.Release|Any CPU.ActiveCfg = Release|Any CPU
		{ED273013-352A-410C-894F-A29444369A24}.Release|Any CPU.Build.0 = Release|Any CPU
	EndGlobalSection
	GlobalSection(SolutionProperties) = preSolution
		HideSolutionNode = FALSE
	EndGlobalSection
	GlobalSection(ExtensibilityGlobals) = postSolution
		SolutionGuid = {B14BFE40-AA88-4FC4-9484-76DEFD57FE0A}
	EndGlobalSection
EndGlobal
