
Microsoft Visual Studio Solution File, Format Version 12.00
# Visual Studio Version 16
VisualStudioVersion = 16.0.31019.35
MinimumVisualStudioVersion = 10.0.40219.1
Project("{9A19103F-16F7-4668-BE54-9A1E7A4F7556}") = "Core", "Core.csproj", "{D0B70C82-0A66-480C-A5F6-D1296AE16981}"
EndProject
Global
	GlobalSection(SolutionConfigurationPlatforms) = preSolution
		Debug|Any CPU = Debug|Any CPU
		Release|Any CPU = Release|Any CPU
	EndGlobalSection
	GlobalSection(ProjectConfigurationPlatforms) = postSolution
		{D0B70C82-0A66-480C-A5F6-D1296AE16981}.Debug|Any CPU.ActiveCfg = Debug|Any CPU
		{D0B70C82-0A66-480C-A5F6-D1296AE16981}.Debug|Any CPU.Build.0 = Debug|Any CPU
		{D0B70C82-0A66-480C-A5F6-D1296AE16981}.Release|Any CPU.ActiveCfg = Release|Any CPU
		{D0B70C82-0A66-480C-A5F6-D1296AE16981}.Release|Any CPU.Build.0 = Release|Any CPU
	EndGlobalSection
	GlobalSection(SolutionProperties) = preSolution
		HideSolutionNode = FALSE
	EndGlobalSection
	GlobalSection(ExtensibilityGlobals) = postSolution
		SolutionGuid = {AD8AC511-6909-4251-9102-BF1F2C94E691}
	EndGlobalSection
EndGlobal
