
Microsoft Visual Studio Solution File, Format Version 12.00
# Visual Studio Version 16
VisualStudioVersion = 16.0.31019.35
MinimumVisualStudioVersion = 10.0.40219.1
Project("{9A19103F-16F7-4668-BE54-9A1E7A4F7556}") = "Core", "Core.csproj", "{7DA9DD2A-8203-47ED-8B36-8AD77B00CEB4}"
EndProject
Global
	GlobalSection(SolutionConfigurationPlatforms) = preSolution
		Debug|Any CPU = Debug|Any CPU
		Release|Any CPU = Release|Any CPU
	EndGlobalSection
	GlobalSection(ProjectConfigurationPlatforms) = postSolution
		{7DA9DD2A-8203-47ED-8B36-8AD77B00CEB4}.Debug|Any CPU.ActiveCfg = Debug|Any CPU
		{7DA9DD2A-8203-47ED-8B36-8AD77B00CEB4}.Debug|Any CPU.Build.0 = Debug|Any CPU
		{7DA9DD2A-8203-47ED-8B36-8AD77B00CEB4}.Release|Any CPU.ActiveCfg = Release|Any CPU
		{7DA9DD2A-8203-47ED-8B36-8AD77B00CEB4}.Release|Any CPU.Build.0 = Release|Any CPU
	EndGlobalSection
	GlobalSection(SolutionProperties) = preSolution
		HideSolutionNode = FALSE
	EndGlobalSection
	GlobalSection(ExtensibilityGlobals) = postSolution
		SolutionGuid = {1F5B2C72-E655-45F8-8DEB-7F653D729C46}
	EndGlobalSection
EndGlobal
